{
  "name": "docs",
  "version": "1.0.0",
  "lockfileVersion": 2,
  "requires": true,
  "packages": {
    "": {
      "name": "docs",
      "version": "1.0.0",
      "license": "Apache 2.0",
      "dependencies": {
        "vitepress": "^0.20.1"
      }
    },
    "node_modules/@algolia/cache-browser-local-storage": {
      "version": "4.11.0",
      "license": "MIT",
      "dependencies": {
        "@algolia/cache-common": "4.11.0"
      }
    },
    "node_modules/@algolia/cache-common": {
      "version": "4.11.0",
      "license": "MIT"
    },
    "node_modules/@algolia/cache-in-memory": {
      "version": "4.11.0",
      "license": "MIT",
      "dependencies": {
        "@algolia/cache-common": "4.11.0"
      }
    },
    "node_modules/@algolia/client-account": {
      "version": "4.11.0",
      "license": "MIT",
      "dependencies": {
        "@algolia/client-common": "4.11.0",
        "@algolia/client-search": "4.11.0",
        "@algolia/transporter": "4.11.0"
      }
    },
    "node_modules/@algolia/client-analytics": {
      "version": "4.11.0",
      "license": "MIT",
      "dependencies": {
        "@algolia/client-common": "4.11.0",
        "@algolia/client-search": "4.11.0",
        "@algolia/requester-common": "4.11.0",
        "@algolia/transporter": "4.11.0"
      }
    },
    "node_modules/@algolia/client-common": {
      "version": "4.11.0",
      "license": "MIT",
      "dependencies": {
        "@algolia/requester-common": "4.11.0",
        "@algolia/transporter": "4.11.0"
      }
    },
    "node_modules/@algolia/client-personalization": {
      "version": "4.11.0",
      "license": "MIT",
      "dependencies": {
        "@algolia/client-common": "4.11.0",
        "@algolia/requester-common": "4.11.0",
        "@algolia/transporter": "4.11.0"
      }
    },
    "node_modules/@algolia/client-search": {
      "version": "4.11.0",
      "license": "MIT",
      "dependencies": {
        "@algolia/client-common": "4.11.0",
        "@algolia/requester-common": "4.11.0",
        "@algolia/transporter": "4.11.0"
      }
    },
    "node_modules/@algolia/logger-common": {
      "version": "4.11.0",
      "license": "MIT"
    },
    "node_modules/@algolia/logger-console": {
      "version": "4.11.0",
      "license": "MIT",
      "dependencies": {
        "@algolia/logger-common": "4.11.0"
      }
    },
    "node_modules/@algolia/requester-browser-xhr": {
      "version": "4.11.0",
      "license": "MIT",
      "dependencies": {
        "@algolia/requester-common": "4.11.0"
      }
    },
    "node_modules/@algolia/requester-common": {
      "version": "4.11.0",
      "license": "MIT"
    },
    "node_modules/@algolia/requester-node-http": {
      "version": "4.11.0",
      "license": "MIT",
      "dependencies": {
        "@algolia/requester-common": "4.11.0"
      }
    },
    "node_modules/@algolia/transporter": {
      "version": "4.11.0",
      "license": "MIT",
      "dependencies": {
        "@algolia/cache-common": "4.11.0",
        "@algolia/logger-common": "4.11.0",
        "@algolia/requester-common": "4.11.0"
      }
    },
    "node_modules/@babel/parser": {
      "version": "7.16.3",
      "license": "MIT",
      "bin": {
        "parser": "bin/babel-parser.js"
      },
      "engines": {
        "node": ">=6.0.0"
      }
    },
    "node_modules/@docsearch/css": {
      "version": "1.0.0-alpha.28",
      "license": "MIT"
    },
    "node_modules/@docsearch/js": {
      "version": "1.0.0-alpha.28",
      "license": "MIT",
      "dependencies": {
        "@docsearch/react": "^1.0.0-alpha.28",
        "preact": "^10.0.0"
      }
    },
    "node_modules/@docsearch/react": {
      "version": "1.0.0-alpha.28",
      "license": "MIT",
      "dependencies": {
        "@docsearch/css": "^1.0.0-alpha.28",
        "@francoischalifour/autocomplete-core": "^1.0.0-alpha.28",
        "@francoischalifour/autocomplete-preset-algolia": "^1.0.0-alpha.28",
        "algoliasearch": "^4.0.0"
      },
      "peerDependencies": {
        "react": "^16.8.0",
        "react-dom": "^16.8.0"
      }
    },
    "node_modules/@francoischalifour/autocomplete-core": {
      "version": "1.0.0-alpha.28",
      "license": "MIT"
    },
    "node_modules/@francoischalifour/autocomplete-preset-algolia": {
      "version": "1.0.0-alpha.28",
      "license": "MIT"
    },
    "node_modules/@vitejs/plugin-vue": {
      "version": "1.9.4",
      "license": "MIT",
      "engines": {
        "node": ">=12.0.0"
      },
      "peerDependencies": {
        "vite": "^2.5.10"
      }
    },
    "node_modules/@vue/compiler-core": {
      "version": "3.2.21",
      "license": "MIT",
      "dependencies": {
        "@babel/parser": "^7.15.0",
        "@vue/shared": "3.2.21",
        "estree-walker": "^2.0.2",
        "source-map": "^0.6.1"
      }
    },
    "node_modules/@vue/compiler-dom": {
      "version": "3.2.21",
      "license": "MIT",
      "dependencies": {
        "@vue/compiler-core": "3.2.21",
        "@vue/shared": "3.2.21"
      }
    },
    "node_modules/@vue/compiler-sfc": {
      "version": "3.2.21",
      "license": "MIT",
      "dependencies": {
        "@babel/parser": "^7.15.0",
        "@vue/compiler-core": "3.2.21",
        "@vue/compiler-dom": "3.2.21",
        "@vue/compiler-ssr": "3.2.21",
        "@vue/ref-transform": "3.2.21",
        "@vue/shared": "3.2.21",
        "estree-walker": "^2.0.2",
        "magic-string": "^0.25.7",
        "postcss": "^8.1.10",
        "source-map": "^0.6.1"
      }
    },
    "node_modules/@vue/compiler-ssr": {
      "version": "3.2.21",
      "license": "MIT",
      "dependencies": {
        "@vue/compiler-dom": "3.2.21",
        "@vue/shared": "3.2.21"
      }
    },
    "node_modules/@vue/reactivity": {
      "version": "3.2.21",
      "license": "MIT",
      "dependencies": {
        "@vue/shared": "3.2.21"
      }
    },
    "node_modules/@vue/ref-transform": {
      "version": "3.2.21",
      "license": "MIT",
      "dependencies": {
        "@babel/parser": "^7.15.0",
        "@vue/compiler-core": "3.2.21",
        "@vue/shared": "3.2.21",
        "estree-walker": "^2.0.2",
        "magic-string": "^0.25.7"
      }
    },
    "node_modules/@vue/runtime-core": {
      "version": "3.2.21",
      "license": "MIT",
      "dependencies": {
        "@vue/reactivity": "3.2.21",
        "@vue/shared": "3.2.21"
      }
    },
    "node_modules/@vue/runtime-dom": {
      "version": "3.2.21",
      "license": "MIT",
      "dependencies": {
        "@vue/runtime-core": "3.2.21",
        "@vue/shared": "3.2.21",
        "csstype": "^2.6.8"
      }
    },
    "node_modules/@vue/server-renderer": {
      "version": "3.2.21",
      "license": "MIT",
      "dependencies": {
        "@vue/compiler-ssr": "3.2.21",
        "@vue/shared": "3.2.21"
      },
      "peerDependencies": {
        "vue": "3.2.21"
      }
    },
    "node_modules/@vue/shared": {
      "version": "3.2.21",
      "license": "MIT"
    },
    "node_modules/algoliasearch": {
      "version": "4.11.0",
      "license": "MIT",
      "dependencies": {
        "@algolia/cache-browser-local-storage": "4.11.0",
        "@algolia/cache-common": "4.11.0",
        "@algolia/cache-in-memory": "4.11.0",
        "@algolia/client-account": "4.11.0",
        "@algolia/client-analytics": "4.11.0",
        "@algolia/client-common": "4.11.0",
        "@algolia/client-personalization": "4.11.0",
        "@algolia/client-search": "4.11.0",
        "@algolia/logger-common": "4.11.0",
        "@algolia/logger-console": "4.11.0",
        "@algolia/requester-browser-xhr": "4.11.0",
        "@algolia/requester-common": "4.11.0",
        "@algolia/requester-node-http": "4.11.0",
        "@algolia/transporter": "4.11.0"
      }
    },
    "node_modules/csstype": {
      "version": "2.6.18",
      "license": "MIT"
    },
    "node_modules/esbuild": {
      "version": "0.13.13",
      "hasInstallScript": true,
      "license": "MIT",
      "bin": {
        "esbuild": "bin/esbuild"
      },
      "optionalDependencies": {
        "esbuild-android-arm64": "0.13.13",
        "esbuild-darwin-64": "0.13.13",
        "esbuild-darwin-arm64": "0.13.13",
        "esbuild-freebsd-64": "0.13.13",
        "esbuild-freebsd-arm64": "0.13.13",
        "esbuild-linux-32": "0.13.13",
        "esbuild-linux-64": "0.13.13",
        "esbuild-linux-arm": "0.13.13",
        "esbuild-linux-arm64": "0.13.13",
        "esbuild-linux-mips64le": "0.13.13",
        "esbuild-linux-ppc64le": "0.13.13",
        "esbuild-netbsd-64": "0.13.13",
        "esbuild-openbsd-64": "0.13.13",
        "esbuild-sunos-64": "0.13.13",
        "esbuild-windows-32": "0.13.13",
        "esbuild-windows-64": "0.13.13",
        "esbuild-windows-arm64": "0.13.13"
      }
    },
    "node_modules/esbuild-darwin-64": {
      "version": "0.13.13",
      "cpu": [
        "x64"
      ],
      "license": "MIT",
      "optional": true,
      "os": [
        "darwin"
      ]
    },
    "node_modules/estree-walker": {
      "version": "2.0.2",
      "license": "MIT"
    },
    "node_modules/fsevents": {
      "version": "2.3.2",
      "license": "MIT",
      "optional": true,
      "os": [
        "darwin"
      ],
      "engines": {
        "node": "^8.16.0 || ^10.6.0 || >=11.0.0"
      }
    },
    "node_modules/function-bind": {
      "version": "1.1.1",
      "license": "MIT"
    },
    "node_modules/has": {
      "version": "1.0.3",
      "license": "MIT",
      "dependencies": {
        "function-bind": "^1.1.1"
      },
      "engines": {
        "node": ">= 0.4.0"
      }
    },
    "node_modules/is-core-module": {
      "version": "2.8.0",
      "license": "MIT",
      "dependencies": {
        "has": "^1.0.3"
      },
      "funding": {
        "url": "https://github.com/sponsors/ljharb"
      }
    },
    "node_modules/js-tokens": {
      "version": "4.0.0",
      "resolved": "https://registry.npmjs.org/js-tokens/-/js-tokens-4.0.0.tgz",
      "integrity": "sha512-RdJUflcE3cUzKiMqQgsCu06FPu9UdIJO0beYbPhHN4k6apgJtifcoCtT9bcxOpYBtpD2kCM6Sbzg4CausW/PKQ==",
      "peer": true
    },
    "node_modules/loose-envify": {
      "version": "1.4.0",
      "resolved": "https://registry.npmjs.org/loose-envify/-/loose-envify-1.4.0.tgz",
      "integrity": "sha512-lyuxPGr/Wfhrlem2CL/UcnUc1zcqKAImBDzukY7Y5F/yQiNdko6+fRLevlw1HgMySw7f611UIY408EtxRSoK3Q==",
      "peer": true,
      "dependencies": {
        "js-tokens": "^3.0.0 || ^4.0.0"
      },
      "bin": {
        "loose-envify": "cli.js"
      }
    },
    "node_modules/magic-string": {
      "version": "0.25.7",
      "license": "MIT",
      "dependencies": {
        "sourcemap-codec": "^1.4.4"
      }
    },
    "node_modules/nanoid": {
      "version": "3.1.30",
      "license": "MIT",
      "bin": {
        "nanoid": "bin/nanoid.cjs"
      },
      "engines": {
        "node": "^10 || ^12 || ^13.7 || ^14 || >=15.0.1"
      }
    },
    "node_modules/object-assign": {
      "version": "4.1.1",
      "resolved": "https://registry.npmjs.org/object-assign/-/object-assign-4.1.1.tgz",
      "integrity": "sha512-rJgTQnkUnH1sFw8yT6VSU3zD3sWmu6sZhIseY8VX+GRu3P6F7Fu+JNDoXfklElbLJSnc3FUQHVe4cU5hj+BcUg==",
      "peer": true,
      "engines": {
        "node": ">=0.10.0"
      }
    },
    "node_modules/path-parse": {
      "version": "1.0.7",
      "license": "MIT"
    },
    "node_modules/picocolors": {
      "version": "1.0.0",
      "license": "ISC"
    },
    "node_modules/postcss": {
      "version": "8.3.11",
      "license": "MIT",
      "dependencies": {
        "nanoid": "^3.1.30",
        "picocolors": "^1.0.0",
        "source-map-js": "^0.6.2"
      },
      "engines": {
        "node": "^10 || ^12 || >=14"
      },
      "funding": {
        "type": "opencollective",
        "url": "https://opencollective.com/postcss/"
      }
    },
    "node_modules/preact": {
      "version": "10.5.15",
      "license": "MIT",
      "funding": {
        "type": "opencollective",
        "url": "https://opencollective.com/preact"
      }
    },
    "node_modules/prismjs": {
      "version": "1.25.0",
      "license": "MIT"
    },
    "node_modules/prop-types": {
      "version": "15.8.1",
      "resolved": "https://registry.npmjs.org/prop-types/-/prop-types-15.8.1.tgz",
      "integrity": "sha512-oj87CgZICdulUohogVAR7AjlC0327U4el4L6eAvOqCeudMDVU0NThNaV+b9Df4dXgSP1gXMTnPdhfe/2qDH5cg==",
      "peer": true,
      "dependencies": {
        "loose-envify": "^1.4.0",
        "object-assign": "^4.1.1",
        "react-is": "^16.13.1"
      }
    },
    "node_modules/react": {
      "version": "16.14.0",
      "resolved": "https://registry.npmjs.org/react/-/react-16.14.0.tgz",
      "integrity": "sha512-0X2CImDkJGApiAlcf0ODKIneSwBPhqJawOa5wCtKbu7ZECrmS26NvtSILynQ66cgkT/RJ4LidJOc3bUESwmU8g==",
      "peer": true,
      "dependencies": {
        "loose-envify": "^1.1.0",
        "object-assign": "^4.1.1",
        "prop-types": "^15.6.2"
      },
      "engines": {
        "node": ">=0.10.0"
      }
    },
    "node_modules/react-dom": {
      "version": "16.14.0",
      "resolved": "https://registry.npmjs.org/react-dom/-/react-dom-16.14.0.tgz",
      "integrity": "sha512-1gCeQXDLoIqMgqD3IO2Ah9bnf0w9kzhwN5q4FGnHZ67hBm9yePzB5JJAIQCc8x3pFnNlwFq4RidZggNAAkzWWw==",
      "peer": true,
      "dependencies": {
        "loose-envify": "^1.1.0",
        "object-assign": "^4.1.1",
        "prop-types": "^15.6.2",
        "scheduler": "^0.19.1"
      },
      "peerDependencies": {
        "react": "^16.14.0"
      }
    },
    "node_modules/react-is": {
      "version": "16.13.1",
      "resolved": "https://registry.npmjs.org/react-is/-/react-is-16.13.1.tgz",
      "integrity": "sha512-24e6ynE2H+OKt4kqsOvNd8kBpV65zoxbA4BVsEOB3ARVWQki/DHzaUoC5KuON/BiccDaCCTZBuOcfZs70kR8bQ==",
      "peer": true
    },
    "node_modules/resolve": {
      "version": "1.20.0",
      "license": "MIT",
      "dependencies": {
        "is-core-module": "^2.2.0",
        "path-parse": "^1.0.6"
      },
      "funding": {
        "url": "https://github.com/sponsors/ljharb"
      }
    },
    "node_modules/rollup": {
      "version": "2.59.0",
      "license": "MIT",
      "bin": {
        "rollup": "dist/bin/rollup"
      },
      "engines": {
        "node": ">=10.0.0"
      },
      "optionalDependencies": {
        "fsevents": "~2.3.2"
      }
    },
    "node_modules/scheduler": {
      "version": "0.19.1",
      "resolved": "https://registry.npmjs.org/scheduler/-/scheduler-0.19.1.tgz",
      "integrity": "sha512-n/zwRWRYSUj0/3g/otKDRPMh6qv2SYMWNq85IEa8iZyAv8od9zDYpGSnpBEjNgcMNq6Scbu5KfIPxNF72R/2EA==",
      "peer": true,
      "dependencies": {
        "loose-envify": "^1.1.0",
        "object-assign": "^4.1.1"
      }
    },
    "node_modules/source-map": {
      "version": "0.6.1",
      "license": "BSD-3-Clause",
      "engines": {
        "node": ">=0.10.0"
      }
    },
    "node_modules/source-map-js": {
      "version": "0.6.2",
      "license": "BSD-3-Clause",
      "engines": {
        "node": ">=0.10.0"
      }
    },
    "node_modules/sourcemap-codec": {
      "version": "1.4.8",
      "license": "MIT"
    },
    "node_modules/vite": {
      "version": "2.6.14",
      "license": "MIT",
      "dependencies": {
        "esbuild": "^0.13.2",
        "postcss": "^8.3.8",
        "resolve": "^1.20.0",
        "rollup": "^2.57.0"
      },
      "bin": {
        "vite": "bin/vite.js"
      },
      "engines": {
        "node": ">=12.2.0"
      },
      "optionalDependencies": {
        "fsevents": "~2.3.2"
      },
      "peerDependencies": {
        "less": "*",
        "sass": "*",
        "stylus": "*"
      },
      "peerDependenciesMeta": {
        "less": {
          "optional": true
        },
        "sass": {
          "optional": true
        },
        "stylus": {
          "optional": true
        }
      }
    },
    "node_modules/vitepress": {
      "version": "0.20.1",
      "license": "MIT",
      "dependencies": {
        "@docsearch/css": "^1.0.0-alpha.28",
        "@docsearch/js": "^1.0.0-alpha.28",
        "@vitejs/plugin-vue": "^1.9.0",
        "prismjs": "^1.25.0",
        "vite": "^2.6.5",
        "vue": "^3.2.19"
      },
      "bin": {
        "vitepress": "bin/vitepress.js"
      },
      "engines": {
        "node": ">=12.0.0"
      }
    },
    "node_modules/vue": {
      "version": "3.2.21",
      "license": "MIT",
      "dependencies": {
        "@vue/compiler-dom": "3.2.21",
        "@vue/compiler-sfc": "3.2.21",
        "@vue/runtime-dom": "3.2.21",
        "@vue/server-renderer": "3.2.21",
        "@vue/shared": "3.2.21"
      }
    }
  },
  "dependencies": {
    "@algolia/cache-browser-local-storage": {
      "version": "4.11.0",
      "requires": {
        "@algolia/cache-common": "4.11.0"
      }
    },
    "@algolia/cache-common": {
      "version": "4.11.0"
    },
    "@algolia/cache-in-memory": {
      "version": "4.11.0",
      "requires": {
        "@algolia/cache-common": "4.11.0"
      }
    },
    "@algolia/client-account": {
      "version": "4.11.0",
      "requires": {
        "@algolia/client-common": "4.11.0",
        "@algolia/client-search": "4.11.0",
        "@algolia/transporter": "4.11.0"
      }
    },
    "@algolia/client-analytics": {
      "version": "4.11.0",
      "requires": {
        "@algolia/client-common": "4.11.0",
        "@algolia/client-search": "4.11.0",
        "@algolia/requester-common": "4.11.0",
        "@algolia/transporter": "4.11.0"
      }
    },
    "@algolia/client-common": {
      "version": "4.11.0",
      "requires": {
        "@algolia/requester-common": "4.11.0",
        "@algolia/transporter": "4.11.0"
      }
    },
    "@algolia/client-personalization": {
      "version": "4.11.0",
      "requires": {
        "@algolia/client-common": "4.11.0",
        "@algolia/requester-common": "4.11.0",
        "@algolia/transporter": "4.11.0"
      }
    },
    "@algolia/client-search": {
      "version": "4.11.0",
      "requires": {
        "@algolia/client-common": "4.11.0",
        "@algolia/requester-common": "4.11.0",
        "@algolia/transporter": "4.11.0"
      }
    },
    "@algolia/logger-common": {
      "version": "4.11.0"
    },
    "@algolia/logger-console": {
      "version": "4.11.0",
      "requires": {
        "@algolia/logger-common": "4.11.0"
      }
    },
    "@algolia/requester-browser-xhr": {
      "version": "4.11.0",
      "requires": {
        "@algolia/requester-common": "4.11.0"
      }
    },
    "@algolia/requester-common": {
      "version": "4.11.0"
    },
    "@algolia/requester-node-http": {
      "version": "4.11.0",
      "requires": {
        "@algolia/requester-common": "4.11.0"
      }
    },
    "@algolia/transporter": {
      "version": "4.11.0",
      "requires": {
        "@algolia/cache-common": "4.11.0",
        "@algolia/logger-common": "4.11.0",
        "@algolia/requester-common": "4.11.0"
      }
    },
    "@babel/parser": {
      "version": "7.16.3"
    },
    "@docsearch/css": {
      "version": "1.0.0-alpha.28"
    },
    "@docsearch/js": {
      "version": "1.0.0-alpha.28",
      "requires": {
        "@docsearch/react": "^1.0.0-alpha.28",
        "preact": "^10.0.0"
      }
    },
    "@docsearch/react": {
      "version": "1.0.0-alpha.28",
      "requires": {
        "@docsearch/css": "^1.0.0-alpha.28",
        "@francoischalifour/autocomplete-core": "^1.0.0-alpha.28",
        "@francoischalifour/autocomplete-preset-algolia": "^1.0.0-alpha.28",
        "algoliasearch": "^4.0.0"
      }
    },
    "@francoischalifour/autocomplete-core": {
      "version": "1.0.0-alpha.28"
    },
    "@francoischalifour/autocomplete-preset-algolia": {
      "version": "1.0.0-alpha.28"
    },
    "@vitejs/plugin-vue": {
      "version": "1.9.4",
      "requires": {}
    },
    "@vue/compiler-core": {
      "version": "3.2.21",
      "requires": {
        "@babel/parser": "^7.15.0",
        "@vue/shared": "3.2.21",
        "estree-walker": "^2.0.2",
        "source-map": "^0.6.1"
      }
    },
    "@vue/compiler-dom": {
      "version": "3.2.21",
      "requires": {
        "@vue/compiler-core": "3.2.21",
        "@vue/shared": "3.2.21"
      }
    },
    "@vue/compiler-sfc": {
      "version": "3.2.21",
      "requires": {
        "@babel/parser": "^7.15.0",
        "@vue/compiler-core": "3.2.21",
        "@vue/compiler-dom": "3.2.21",
        "@vue/compiler-ssr": "3.2.21",
        "@vue/ref-transform": "3.2.21",
        "@vue/shared": "3.2.21",
        "estree-walker": "^2.0.2",
        "magic-string": "^0.25.7",
        "postcss": "^8.1.10",
        "source-map": "^0.6.1"
      }
    },
    "@vue/compiler-ssr": {
      "version": "3.2.21",
      "requires": {
        "@vue/compiler-dom": "3.2.21",
        "@vue/shared": "3.2.21"
      }
    },
    "@vue/reactivity": {
      "version": "3.2.21",
      "requires": {
        "@vue/shared": "3.2.21"
      }
    },
    "@vue/ref-transform": {
      "version": "3.2.21",
      "requires": {
        "@babel/parser": "^7.15.0",
        "@vue/compiler-core": "3.2.21",
        "@vue/shared": "3.2.21",
        "estree-walker": "^2.0.2",
        "magic-string": "^0.25.7"
      }
    },
    "@vue/runtime-core": {
      "version": "3.2.21",
      "requires": {
        "@vue/reactivity": "3.2.21",
        "@vue/shared": "3.2.21"
      }
    },
    "@vue/runtime-dom": {
      "version": "3.2.21",
      "requires": {
        "@vue/runtime-core": "3.2.21",
        "@vue/shared": "3.2.21",
        "csstype": "^2.6.8"
      }
    },
    "@vue/server-renderer": {
      "version": "3.2.21",
      "requires": {
        "@vue/compiler-ssr": "3.2.21",
        "@vue/shared": "3.2.21"
      }
    },
    "@vue/shared": {
      "version": "3.2.21"
    },
    "algoliasearch": {
      "version": "4.11.0",
      "requires": {
        "@algolia/cache-browser-local-storage": "4.11.0",
        "@algolia/cache-common": "4.11.0",
        "@algolia/cache-in-memory": "4.11.0",
        "@algolia/client-account": "4.11.0",
        "@algolia/client-analytics": "4.11.0",
        "@algolia/client-common": "4.11.0",
        "@algolia/client-personalization": "4.11.0",
        "@algolia/client-search": "4.11.0",
        "@algolia/logger-common": "4.11.0",
        "@algolia/logger-console": "4.11.0",
        "@algolia/requester-browser-xhr": "4.11.0",
        "@algolia/requester-common": "4.11.0",
        "@algolia/requester-node-http": "4.11.0",
        "@algolia/transporter": "4.11.0"
      }
    },
    "csstype": {
      "version": "2.6.18"
    },
    "esbuild": {
      "version": "0.13.13",
      "requires": {
        "esbuild-android-arm64": "0.13.13",
        "esbuild-darwin-64": "0.13.13",
        "esbuild-darwin-arm64": "0.13.13",
        "esbuild-freebsd-64": "0.13.13",
        "esbuild-freebsd-arm64": "0.13.13",
        "esbuild-linux-32": "0.13.13",
        "esbuild-linux-64": "0.13.13",
        "esbuild-linux-arm": "0.13.13",
        "esbuild-linux-arm64": "0.13.13",
        "esbuild-linux-mips64le": "0.13.13",
        "esbuild-linux-ppc64le": "0.13.13",
        "esbuild-netbsd-64": "0.13.13",
        "esbuild-openbsd-64": "0.13.13",
        "esbuild-sunos-64": "0.13.13",
        "esbuild-windows-32": "0.13.13",
        "esbuild-windows-64": "0.13.13",
        "esbuild-windows-arm64": "0.13.13"
      }
    },
    "esbuild-darwin-64": {
      "version": "0.13.13",
      "optional": true
    },
    "estree-walker": {
      "version": "2.0.2"
    },
    "fsevents": {
      "version": "2.3.2",
      "optional": true
    },
    "function-bind": {
      "version": "1.1.1"
    },
    "has": {
      "version": "1.0.3",
      "requires": {
        "function-bind": "^1.1.1"
      }
    },
    "is-core-module": {
      "version": "2.8.0",
      "requires": {
        "has": "^1.0.3"
      }
    },
    "js-tokens": {
      "version": "4.0.0",
      "resolved": "https://registry.npmjs.org/js-tokens/-/js-tokens-4.0.0.tgz",
      "integrity": "sha512-RdJUflcE3cUzKiMqQgsCu06FPu9UdIJO0beYbPhHN4k6apgJtifcoCtT9bcxOpYBtpD2kCM6Sbzg4CausW/PKQ==",
      "peer": true
    },
    "loose-envify": {
      "version": "1.4.0",
      "resolved": "https://registry.npmjs.org/loose-envify/-/loose-envify-1.4.0.tgz",
      "integrity": "sha512-lyuxPGr/Wfhrlem2CL/UcnUc1zcqKAImBDzukY7Y5F/yQiNdko6+fRLevlw1HgMySw7f611UIY408EtxRSoK3Q==",
      "peer": true,
      "requires": {
        "js-tokens": "^3.0.0 || ^4.0.0"
      }
    },
    "magic-string": {
      "version": "0.25.7",
      "requires": {
        "sourcemap-codec": "^1.4.4"
      }
    },
    "nanoid": {
      "version": "3.1.30"
    },
    "object-assign": {
      "version": "4.1.1",
      "resolved": "https://registry.npmjs.org/object-assign/-/object-assign-4.1.1.tgz",
      "integrity": "sha512-rJgTQnkUnH1sFw8yT6VSU3zD3sWmu6sZhIseY8VX+GRu3P6F7Fu+JNDoXfklElbLJSnc3FUQHVe4cU5hj+BcUg==",
      "peer": true
    },
    "path-parse": {
      "version": "1.0.7"
    },
    "picocolors": {
      "version": "1.0.0"
    },
    "postcss": {
      "version": "8.3.11",
      "requires": {
        "nanoid": "^3.1.30",
        "picocolors": "^1.0.0",
        "source-map-js": "^0.6.2"
      }
    },
    "preact": {
      "version": "10.5.15"
    },
    "prismjs": {
      "version": "1.25.0"
    },
    "prop-types": {
      "version": "15.8.1",
      "resolved": "https://registry.npmjs.org/prop-types/-/prop-types-15.8.1.tgz",
      "integrity": "sha512-oj87CgZICdulUohogVAR7AjlC0327U4el4L6eAvOqCeudMDVU0NThNaV+b9Df4dXgSP1gXMTnPdhfe/2qDH5cg==",
      "peer": true,
      "requires": {
        "loose-envify": "^1.4.0",
        "object-assign": "^4.1.1",
        "react-is": "^16.13.1"
      }
    },
    "react": {
      "version": "16.14.0",
      "resolved": "https://registry.npmjs.org/react/-/react-16.14.0.tgz",
      "integrity": "sha512-0X2CImDkJGApiAlcf0ODKIneSwBPhqJawOa5wCtKbu7ZECrmS26NvtSILynQ66cgkT/RJ4LidJOc3bUESwmU8g==",
      "peer": true,
      "requires": {
        "loose-envify": "^1.1.0",
        "object-assign": "^4.1.1",
        "prop-types": "^15.6.2"
      }
    },
    "react-dom": {
      "version": "16.14.0",
      "resolved": "https://registry.npmjs.org/react-dom/-/react-dom-16.14.0.tgz",
      "integrity": "sha512-1gCeQXDLoIqMgqD3IO2Ah9bnf0w9kzhwN5q4FGnHZ67hBm9yePzB5JJAIQCc8x3pFnNlwFq4RidZggNAAkzWWw==",
      "peer": true,
      "requires": {
        "loose-envify": "^1.1.0",
        "object-assign": "^4.1.1",
        "prop-types": "^15.6.2",
        "scheduler": "^0.19.1"
      }
    },
    "react-is": {
      "version": "16.13.1",
      "resolved": "https://registry.npmjs.org/react-is/-/react-is-16.13.1.tgz",
      "integrity": "sha512-24e6ynE2H+OKt4kqsOvNd8kBpV65zoxbA4BVsEOB3ARVWQki/DHzaUoC5KuON/BiccDaCCTZBuOcfZs70kR8bQ==",
      "peer": true
    },
    "resolve": {
      "version": "1.20.0",
      "requires": {
        "is-core-module": "^2.2.0",
        "path-parse": "^1.0.6"
      }
    },
    "rollup": {
      "version": "2.59.0",
      "requires": {
        "fsevents": "~2.3.2"
      }
    },
    "scheduler": {
      "version": "0.19.1",
      "resolved": "https://registry.npmjs.org/scheduler/-/scheduler-0.19.1.tgz",
      "integrity": "sha512-n/zwRWRYSUj0/3g/otKDRPMh6qv2SYMWNq85IEa8iZyAv8od9zDYpGSnpBEjNgcMNq6Scbu5KfIPxNF72R/2EA==",
      "peer": true,
      "requires": {
        "loose-envify": "^1.1.0",
        "object-assign": "^4.1.1"
      }
    },
    "source-map": {
      "version": "0.6.1"
    },
    "source-map-js": {
      "version": "0.6.2"
    },
    "sourcemap-codec": {
      "version": "1.4.8"
    },
    "vite": {
      "version": "2.6.14",
      "requires": {
        "esbuild": "^0.13.2",
        "fsevents": "~2.3.2",
        "postcss": "^8.3.8",
        "resolve": "^1.20.0",
        "rollup": "^2.57.0"
      }
    },
    "vitepress": {
      "version": "0.20.1",
      "requires": {
        "@docsearch/css": "^1.0.0-alpha.28",
        "@docsearch/js": "^1.0.0-alpha.28",
        "@vitejs/plugin-vue": "^1.9.0",
        "prismjs": "^1.25.0",
        "vite": "^2.6.5",
        "vue": "^3.2.19"
      }
    },
    "vue": {
      "version": "3.2.21",
      "requires": {
        "@vue/compiler-dom": "3.2.21",
        "@vue/compiler-sfc": "3.2.21",
        "@vue/runtime-dom": "3.2.21",
        "@vue/server-renderer": "3.2.21",
        "@vue/shared": "3.2.21"
      }
    }
  }
}
